// !$*UTF8*$!
{
	archiveVersion = 1;
	classes = {
	};
	objectVersion = 46;
	objects = {

/* Begin PBXBuildFile section */
		7E1AC8251BD3302200BE4405 /* DestinationSelectorViewController.swift in Sources */ = {isa = PBXBuildFile; fileRef = 7E1AC8241BD3302200BE4405 /* DestinationSelectorViewController.swift */; settings = {ASSET_TAGS = (); }; };
		7E1AC8271BD3333300BE4405 /* ShareImageExtensionConstants.swift in Sources */ = {isa = PBXBuildFile; fileRef = 7E1AC8261BD3333300BE4405 /* ShareImageExtensionConstants.swift */; settings = {ASSET_TAGS = (); }; };
		7E1AC82B1BD33B0100BE4405 /* ShareImageExtensionViewControllers.swift in Sources */ = {isa = PBXBuildFile; fileRef = 7E1AC82A1BD33B0100BE4405 /* ShareImageExtensionViewControllers.swift */; settings = {ASSET_TAGS = (); }; };
		7E1AC82E1BD352EF00BE4405 /* MobileCoreServices.framework in Frameworks */ = {isa = PBXBuildFile; fileRef = 7E1AC82D1BD352EF00BE4405 /* MobileCoreServices.framework */; };
		7E813F761BD320DF00CF3D9D /* AppDelegate.swift in Sources */ = {isa = PBXBuildFile; fileRef = 7E813F751BD320DF00CF3D9D /* AppDelegate.swift */; };
		7E813F781BD320DF00CF3D9D /* ViewController.swift in Sources */ = {isa = PBXBuildFile; fileRef = 7E813F771BD320DF00CF3D9D /* ViewController.swift */; };
		7E813F7B1BD320DF00CF3D9D /* Main.storyboard in Resources */ = {isa = PBXBuildFile; fileRef = 7E813F791BD320DF00CF3D9D /* Main.storyboard */; };
		7E813F7D1BD320DF00CF3D9D /* Assets.xcassets in Resources */ = {isa = PBXBuildFile; fileRef = 7E813F7C1BD320DF00CF3D9D /* Assets.xcassets */; };
		7E813F801BD320DF00CF3D9D /* LaunchScreen.storyboard in Resources */ = {isa = PBXBuildFile; fileRef = 7E813F7E1BD320DF00CF3D9D /* LaunchScreen.storyboard */; };
		7E813F8E1BD3230700CF3D9D /* ShareViewController.swift in Sources */ = {isa = PBXBuildFile; fileRef = 7E813F8D1BD3230700CF3D9D /* ShareViewController.swift */; };
		7E813F911BD3230700CF3D9D /* MainInterface.storyboard in Resources */ = {isa = PBXBuildFile; fileRef = 7E813F8F1BD3230700CF3D9D /* MainInterface.storyboard */; };
		7E813F951BD3230700CF3D9D /* ShareExension.appex in Embed App Extensions */ = {isa = PBXBuildFile; fileRef = 7E813F8B1BD3230700CF3D9D /* ShareExension.appex */; settings = {ATTRIBUTES = (RemoveHeadersOnCopy, ); }; };
/* End PBXBuildFile section */

/* Begin PBXContainerItemProxy section */
		7E813F931BD3230700CF3D9D /* PBXContainerItemProxy */ = {
			isa = PBXContainerItemProxy;
			containerPortal = 7E813F6A1BD320DF00CF3D9D /* Project object */;
			proxyType = 1;
			remoteGlobalIDString = 7E813F8A1BD3230700CF3D9D;
			remoteInfo = ShareExension;
		};
/* End PBXContainerItemProxy section */

/* Begin PBXCopyFilesBuildPhase section */
		7E813F991BD3230700CF3D9D /* Embed App Extensions */ = {
			isa = PBXCopyFilesBuildPhase;
			buildActionMask = 2147483647;
			dstPath = "";
			dstSubfolderSpec = 13;
			files = (
				7E813F951BD3230700CF3D9D /* ShareExension.appex in Embed App Extensions */,
			);
			name = "Embed App Extensions";
			runOnlyForDeploymentPostprocessing = 0;
		};
/* End PBXCopyFilesBuildPhase section */

/* Begin PBXFileReference section */
		7E1AC8241BD3302200BE4405 /* DestinationSelectorViewController.swift */ = {isa = PBXFileReference; fileEncoding = 4; lastKnownFileType = sourcecode.swift; path = DestinationSelectorViewController.swift; sourceTree = "<group>"; };
		7E1AC8261BD3333300BE4405 /* ShareImageExtensionConstants.swift */ = {isa = PBXFileReference; fileEncoding = 4; lastKnownFileType = sourcecode.swift; path = ShareImageExtensionConstants.swift; sourceTree = "<group>"; };
		7E1AC82A1BD33B0100BE4405 /* ShareImageExtensionViewControllers.swift */ = {isa = PBXFileReference; fileEncoding = 4; lastKnownFileType = sourcecode.swift; path = ShareImageExtensionViewControllers.swift; sourceTree = "<group>"; };
		7E1AC82D1BD352EF00BE4405 /* MobileCoreServices.framework */ = {isa = PBXFileReference; lastKnownFileType = wrapper.framework; name = MobileCoreServices.framework; path = System/Library/Frameworks/MobileCoreServices.framework; sourceTree = SDKROOT; };
		7E813F721BD320DF00CF3D9D /* ShareImageDemo.app */ = {isa = PBXFileReference; explicitFileType = wrapper.application; includeInIndex = 0; path = ShareImageDemo.app; sourceTree = BUILT_PRODUCTS_DIR; };
		7E813F751BD320DF00CF3D9D /* AppDelegate.swift */ = {isa = PBXFileReference; lastKnownFileType = sourcecode.swift; path = AppDelegate.swift; sourceTree = "<group>"; };
		7E813F771BD320DF00CF3D9D /* ViewController.swift */ = {isa = PBXFileReference; lastKnownFileType = sourcecode.swift; path = ViewController.swift; sourceTree = "<group>"; };
		7E813F7A1BD320DF00CF3D9D /* Base */ = {isa = PBXFileReference; lastKnownFileType = file.storyboard; name = Base; path = Base.lproj/Main.storyboard; sourceTree = "<group>"; };
		7E813F7C1BD320DF00CF3D9D /* Assets.xcassets */ = {isa = PBXFileReference; lastKnownFileType = folder.assetcatalog; path = Assets.xcassets; sourceTree = "<group>"; };
		7E813F7F1BD320DF00CF3D9D /* Base */ = {isa = PBXFileReference; lastKnownFileType = file.storyboard; name = Base; path = Base.lproj/LaunchScreen.storyboard; sourceTree = "<group>"; };
		7E813F811BD320DF00CF3D9D /* Info.plist */ = {isa = PBXFileReference; lastKnownFileType = text.plist.xml; path = Info.plist; sourceTree = "<group>"; };
		7E813F8B1BD3230700CF3D9D /* ShareExension.appex */ = {isa = PBXFileReference; explicitFileType = "wrapper.app-extension"; includeInIndex = 0; path = ShareExension.appex; sourceTree = BUILT_PRODUCTS_DIR; };
		7E813F8D1BD3230700CF3D9D /* ShareViewController.swift */ = {isa = PBXFileReference; lastKnownFileType = sourcecode.swift; path = ShareViewController.swift; sourceTree = "<group>"; };
		7E813F901BD3230700CF3D9D /* Base */ = {isa = PBXFileReference; lastKnownFileType = file.storyboard; name = Base; path = Base.lproj/MainInterface.storyboard; sourceTree = "<group>"; };
		7E813F921BD3230700CF3D9D /* Info.plist */ = {isa = PBXFileReference; lastKnownFileType = text.plist.xml; path = Info.plist; sourceTree = "<group>"; };
/* End PBXFileReference section */

/* Begin PBXFrameworksBuildPhase section */
		7E813F6F1BD320DF00CF3D9D /* Frameworks */ = {
			isa = PBXFrameworksBuildPhase;
			buildActionMask = 2147483647;
			files = (
				7E1AC82E1BD352EF00BE4405 /* MobileCoreServices.framework in Frameworks */,
			);
			runOnlyForDeploymentPostprocessing = 0;
		};
		7E813F881BD3230700CF3D9D /* Frameworks */ = {
			isa = PBXFrameworksBuildPhase;
			buildActionMask = 2147483647;
			files = (
			);
			runOnlyForDeploymentPostprocessing = 0;
		};
/* End PBXFrameworksBuildPhase section */

/* Begin PBXGroup section */
		7E813F691BD320DF00CF3D9D = {
			isa = PBXGroup;
			children = (
				7E1AC82D1BD352EF00BE4405 /* MobileCoreServices.framework */,
				7E813F741BD320DF00CF3D9D /* ShareImageDemo */,
				7E813F8C1BD3230700CF3D9D /* ShareExension */,
				7E813F731BD320DF00CF3D9D /* Products */,
			);
			sourceTree = "<group>";
		};
		7E813F731BD320DF00CF3D9D /* Products */ = {
			isa = PBXGroup;
			children = (
				7E813F721BD320DF00CF3D9D /* ShareImageDemo.app */,
				7E813F8B1BD3230700CF3D9D /* ShareExension.appex */,
			);
			name = Products;
			sourceTree = "<group>";
		};
		7E813F741BD320DF00CF3D9D /* ShareImageDemo */ = {
			isa = PBXGroup;
			children = (
				7E813F751BD320DF00CF3D9D /* AppDelegate.swift */,
				7E813F771BD320DF00CF3D9D /* ViewController.swift */,
				7E813F791BD320DF00CF3D9D /* Main.storyboard */,
				7E813F7C1BD320DF00CF3D9D /* Assets.xcassets */,
				7E813F7E1BD320DF00CF3D9D /* LaunchScreen.storyboard */,
				7E813F811BD320DF00CF3D9D /* Info.plist */,
			);
			path = ShareImageDemo;
			sourceTree = "<group>";
		};
		7E813F8C1BD3230700CF3D9D /* ShareExension */ = {
			isa = PBXGroup;
			children = (
				7E1AC8241BD3302200BE4405 /* DestinationSelectorViewController.swift */,
				7E1AC82A1BD33B0100BE4405 /* ShareImageExtensionViewControllers.swift */,
				7E1AC8261BD3333300BE4405 /* ShareImageExtensionConstants.swift */,
				7E813F8D1BD3230700CF3D9D /* ShareViewController.swift */,
				7E813F8F1BD3230700CF3D9D /* MainInterface.storyboard */,
				7E813F921BD3230700CF3D9D /* Info.plist */,
			);
			path = ShareExension;
			sourceTree = "<group>";
		};
/* End PBXGroup section */

/* Begin PBXNativeTarget section */
		7E813F711BD320DF00CF3D9D /* ShareImageDemo */ = {
			isa = PBXNativeTarget;
			buildConfigurationList = 7E813F841BD320DF00CF3D9D /* Build configuration list for PBXNativeTarget "ShareImageDemo" */;
			buildPhases = (
				7E813F6E1BD320DF00CF3D9D /* Sources */,
				7E813F6F1BD320DF00CF3D9D /* Frameworks */,
				7E813F701BD320DF00CF3D9D /* Resources */,
				7E813F991BD3230700CF3D9D /* Embed App Extensions */,
			);
			buildRules = (
			);
			dependencies = (
				7E813F941BD3230700CF3D9D /* PBXTargetDependency */,
			);
			name = ShareImageDemo;
			productName = ShareImageDemo;
			productReference = 7E813F721BD320DF00CF3D9D /* ShareImageDemo.app */;
			productType = "com.apple.product-type.application";
		};
		7E813F8A1BD3230700CF3D9D /* ShareExension */ = {
			isa = PBXNativeTarget;
			buildConfigurationList = 7E813F961BD3230700CF3D9D /* Build configuration list for PBXNativeTarget "ShareExension" */;
			buildPhases = (
				7E813F871BD3230700CF3D9D /* Sources */,
				7E813F881BD3230700CF3D9D /* Frameworks */,
				7E813F891BD3230700CF3D9D /* Resources */,
			);
			buildRules = (
			);
			dependencies = (
			);
			name = ShareExension;
			productName = ShareExension;
			productReference = 7E813F8B1BD3230700CF3D9D /* ShareExension.appex */;
			productType = "com.apple.product-type.app-extension";
		};
/* End PBXNativeTarget section */

/* Begin PBXProject section */
		7E813F6A1BD320DF00CF3D9D /* Project object */ = {
			isa = PBXProject;
			attributes = {
				LastUpgradeCheck = 0700;
				ORGANIZATIONNAME = "Evgenii Neumerzhitckii";
				TargetAttributes = {
					7E813F711BD320DF00CF3D9D = {
						CreatedOnToolsVersion = 7.0.1;
					};
					7E813F8A1BD3230700CF3D9D = {
						CreatedOnToolsVersion = 7.0.1;
					};
				};
			};
			buildConfigurationList = 7E813F6D1BD320DF00CF3D9D /* Build configuration list for PBXProject "ShareImageDemo" */;
			compatibilityVersion = "Xcode 3.2";
			developmentRegion = English;
			hasScannedForEncodings = 0;
			knownRegions = (
				en,
				Base,
			);
			mainGroup = 7E813F691BD320DF00CF3D9D;
			productRefGroup = 7E813F731BD320DF00CF3D9D /* Products */;
			projectDirPath = "";
			projectRoot = "";
			targets = (
				7E813F711BD320DF00CF3D9D /* ShareImageDemo */,
				7E813F8A1BD3230700CF3D9D /* ShareExension */,
			);
		};
/* End PBXProject section */

/* Begin PBXResourcesBuildPhase section */
		7E813F701BD320DF00CF3D9D /* Resources */ = {
			isa = PBXResourcesBuildPhase;
			buildActionMask = 2147483647;
			files = (
				7E813F801BD320DF00CF3D9D /* LaunchScreen.storyboard in Resources */,
				7E813F7D1BD320DF00CF3D9D /* Assets.xcassets in Resources */,
				7E813F7B1BD320DF00CF3D9D /* Main.storyboard in Resources */,
			);
			runOnlyForDeploymentPostprocessing = 0;
		};
		7E813F891BD3230700CF3D9D /* Resources */ = {
			isa = PBXResourcesBuildPhase;
			buildActionMask = 2147483647;
			files = (
				7E813F911BD3230700CF3D9D /* MainInterface.storyboard in Resources */,
			);
			runOnlyForDeploymentPostprocessing = 0;
		};
/* End PBXResourcesBuildPhase section */

/* Begin PBXSourcesBuildPhase section */
		7E813F6E1BD320DF00CF3D9D /* Sources */ = {
			isa = PBXSourcesBuildPhase;
			buildActionMask = 2147483647;
			files = (
				7E813F781BD320DF00CF3D9D /* ViewController.swift in Sources */,
				7E813F761BD320DF00CF3D9D /* AppDelegate.swift in Sources */,
			);
			runOnlyForDeploymentPostprocessing = 0;
		};
		7E813F871BD3230700CF3D9D /* Sources */ = {
			isa = PBXSourcesBuildPhase;
			buildActionMask = 2147483647;
			files = (
				7E1AC82B1BD33B0100BE4405 /* ShareImageExtensionViewControllers.swift in Sources */,
				7E813F8E1BD3230700CF3D9D /* ShareViewController.swift in Sources */,
				7E1AC8251BD3302200BE4405 /* DestinationSelectorViewController.swift in Sources */,
				7E1AC8271BD3333300BE4405 /* ShareImageExtensionConstants.swift in Sources */,
			);
			runOnlyForDeploymentPostprocessing = 0;
		};
/* End PBXSourcesBuildPhase section */

/* Begin PBXTargetDependency section */
		7E813F941BD3230700CF3D9D /* PBXTargetDependency */ = {
			isa = PBXTargetDependency;
			target = 7E813F8A1BD3230700CF3D9D /* ShareExension */;
			targetProxy = 7E813F931BD3230700CF3D9D /* PBXContainerItemProxy */;
		};
/* End PBXTargetDependency section */

/* Begin PBXVariantGroup section */
		7E813F791BD320DF00CF3D9D /* Main.storyboard */ = {
			isa = PBXVariantGroup;
			children = (
				7E813F7A1BD320DF00CF3D9D /* Base */,
			);
			name = Main.storyboard;
			sourceTree = "<group>";
		};
		7E813F7E1BD320DF00CF3D9D /* LaunchScreen.storyboard */ = {
			isa = PBXVariantGroup;
			children = (
				7E813F7F1BD320DF00CF3D9D /* Base */,
			);
			name = LaunchScreen.storyboard;
			sourceTree = "<group>";
		};
		7E813F8F1BD3230700CF3D9D /* MainInterface.storyboard */ = {
			isa = PBXVariantGroup;
			children = (
				7E813F901BD3230700CF3D9D /* Base */,
			);
			name = MainInterface.storyboard;
			sourceTree = "<group>";
		};
/* End PBXVariantGroup section */

/* Begin XCBuildConfiguration section */
		7E813F821BD320DF00CF3D9D /* Debug */ = {
			isa = XCBuildConfiguration;
			buildSettings = {
				ALWAYS_SEARCH_USER_PATHS = NO;
				CLANG_CXX_LANGUAGE_STANDARD = "gnu++0x";
				CLANG_CXX_LIBRARY = "libc++";
				CLANG_ENABLE_MODULES = YES;
				CLANG_ENABLE_OBJC_ARC = YES;
				CLANG_WARN_BOOL_CONVERSION = YES;
				CLANG_WARN_CONSTANT_CONVERSION = YES;
				CLANG_WARN_DIRECT_OBJC_ISA_USAGE = YES_ERROR;
				CLANG_WARN_EMPTY_BODY = YES;
				CLANG_WARN_ENUM_CONVERSION = YES;
				CLANG_WARN_INT_CONVERSION = YES;
				CLANG_WARN_OBJC_ROOT_CLASS = YES_ERROR;
				CLANG_WARN_UNREACHABLE_CODE = YES;
				CLANG_WARN__DUPLICATE_METHOD_MATCH = YES;
				"CODE_SIGN_IDENTITY[sdk=iphoneos*]" = "iPhone Developer";
				COPY_PHASE_STRIP = NO;
				DEBUG_INFORMATION_FORMAT = dwarf;
				ENABLE_STRICT_OBJC_MSGSEND = YES;
				ENABLE_TESTABILITY = YES;
				GCC_C_LANGUAGE_STANDARD = gnu99;
				GCC_DYNAMIC_NO_PIC = NO;
				GCC_NO_COMMON_BLOCKS = YES;
				GCC_OPTIMIZATION_LEVEL = 0;
				GCC_PREPROCESSOR_DEFINITIONS = (
					"DEBUG=1",
					"$(inherited)",
				);
				GCC_WARN_64_TO_32_BIT_CONVERSION = YES;
				GCC_WARN_ABOUT_RETURN_TYPE = YES_ERROR;
				GCC_WARN_UNDECLARED_SELECTOR = YES;
				GCC_WARN_UNINITIALIZED_AUTOS = YES_AGGRESSIVE;
				GCC_WARN_UNUSED_FUNCTION = YES;
				GCC_WARN_UNUSED_VARIABLE = YES;
				IPHONEOS_DEPLOYMENT_TARGET = 8.0;
				MTL_ENABLE_DEBUG_INFO = YES;
				ONLY_ACTIVE_ARCH = YES;
				SDKROOT = iphoneos;
				SWIFT_OPTIMIZATION_LEVEL = "-Onone";
				TARGETED_DEVICE_FAMILY = "1,2";
			};
			name = Debug;
		};
		7E813F831BD320DF00CF3D9D /* Release */ = {
			isa = XCBuildConfiguration;
			buildSettings = {
				ALWAYS_SEARCH_USER_PATHS = NO;
				CLANG_CXX_LANGUAGE_STANDARD = "gnu++0x";
				CLANG_CXX_LIBRARY = "libc++";
				CLANG_ENABLE_MODULES = YES;
				CLANG_ENABLE_OBJC_ARC = YES;
				CLANG_WARN_BOOL_CONVERSION = YES;
				CLANG_WARN_CONSTANT_CONVERSION = YES;
				CLANG_WARN_DIRECT_OBJC_ISA_USAGE = YES_ERROR;
				CLANG_WARN_EMPTY_BODY = YES;
				CLANG_WARN_ENUM_CONVERSION = YES;
				CLANG_WARN_INT_CONVERSION = YES;
				CLANG_WARN_OBJC_ROOT_CLASS = YES_ERROR;
				CLANG_WARN_UNREACHABLE_CODE = YES;
				CLANG_WARN__DUPLICATE_METHOD_MATCH = YES;
				"CODE_SIGN_IDENTITY[sdk=iphoneos*]" = "iPhone Developer";
				COPY_PHASE_STRIP = NO;
				DEBUG_INFORMATION_FORMAT = "dwarf-with-dsym";
				ENABLE_NS_ASSERTIONS = NO;
				ENABLE_STRICT_OBJC_MSGSEND = YES;
				GCC_C_LANGUAGE_STANDARD = gnu99;
				GCC_NO_COMMON_BLOCKS = YES;
				GCC_WARN_64_TO_32_BIT_CONVERSION = YES;
				GCC_WARN_ABOUT_RETURN_TYPE = YES_ERROR;
				GCC_WARN_UNDECLARED_SELECTOR = YES;
				GCC_WARN_UNINITIALIZED_AUTOS = YES_AGGRESSIVE;
				GCC_WARN_UNUSED_FUNCTION = YES;
				GCC_WARN_UNUSED_VARIABLE = YES;
				IPHONEOS_DEPLOYMENT_TARGET = 8.0;
				MTL_ENABLE_DEBUG_INFO = NO;
				SDKROOT = iphoneos;
				TARGETED_DEVICE_FAMILY = "1,2";
				VALIDATE_PRODUCT = YES;
			};
			name = Release;
		};
		7E813F851BD320DF00CF3D9D /* Debug */ = {
			isa = XCBuildConfiguration;
			buildSettings = {
				ASSETCATALOG_COMPILER_APPICON_NAME = AppIcon;
				EMBEDDED_CONTENT_CONTAINS_SWIFT = YES;
				INFOPLIST_FILE = ShareImageDemo/Info.plist;
				LD_RUNPATH_SEARCH_PATHS = "$(inherited) @executable_path/Frameworks";
				PRODUCT_BUNDLE_IDENTIFIER = com.evgenii.ShareImageDemo;
				PRODUCT_NAME = "$(TARGET_NAME)";
			};
			name = Debug;
		};
		7E813F861BD320DF00CF3D9D /* Release */ = {
			isa = XCBuildConfiguration;
			buildSettings = {
				ASSETCATALOG_COMPILER_APPICON_NAME = AppIcon;
				EMBEDDED_CONTENT_CONTAINS_SWIFT = YES;
				INFOPLIST_FILE = ShareImageDemo/Info.plist;
				LD_RUNPATH_SEARCH_PATHS = "$(inherited) @executable_path/Frameworks";
				PRODUCT_BUNDLE_IDENTIFIER = com.evgenii.ShareImageDemo;
				PRODUCT_NAME = "$(TARGET_NAME)";
			};
			name = Release;
		};
		7E813F971BD3230700CF3D9D /* Debug */ = {
			isa = XCBuildConfiguration;
			buildSettings = {
				INFOPLIST_FILE = ShareExension/Info.plist;
				LD_RUNPATH_SEARCH_PATHS = "$(inherited) @executable_path/Frameworks @executable_path/../../Frameworks";
				PRODUCT_BUNDLE_IDENTIFIER = com.evgenii.ShareImageDemo.ShareExension;
				PRODUCT_NAME = "$(TARGET_NAME)";
				SKIP_INSTALL = YES;
			};
			name = Debug;
		};
		7E813F981BD3230700CF3D9D /* Release */ = {
			isa = XCBuildConfiguration;
			buildSettings = {
				INFOPLIST_FILE = ShareExension/Info.plist;
				LD_RUNPATH_SEARCH_PATHS = "$(inherited) @executable_path/Frameworks @executable_path/../../Frameworks";
				PRODUCT_BUNDLE_IDENTIFIER = com.evgenii.ShareImageDemo.ShareExension;
				PRODUCT_NAME = "$(TARGET_NAME)";
				SKIP_INSTALL = YES;
			};
			name = Release;
		};
/* End XCBuildConfiguration section */

/* Begin XCConfigurationList section */
		7E813F6D1BD320DF00CF3D9D /* Build configuration list for PBXProject "ShareImageDemo" */ = {
			isa = XCConfigurationList;
			buildConfigurations = (
				7E813F821BD320DF00CF3D9D /* Debug */,
				7E813F831BD320DF00CF3D9D /* Release */,
			);
			defaultConfigurationIsVisible = 0;
			defaultConfigurationName = Release;
		};
		7E813F841BD320DF00CF3D9D /* Build configuration list for PBXNativeTarget "ShareImageDemo" */ = {
			isa = XCConfigurationList;
			buildConfigurations = (
				7E813F851BD320DF00CF3D9D /* Debug */,
				7E813F861BD320DF00CF3D9D /* Release */,
			);
			defaultConfigurationIsVisible = 0;
			defaultConfigurationName = Release;
		};
		7E813F961BD3230700CF3D9D /* Build configuration list for PBXNativeTarget "ShareExension" */ = {
			isa = XCConfigurationList;
			buildConfigurations = (
				7E813F971BD3230700CF3D9D /* Debug */,
				7E813F981BD3230700CF3D9D /* Release */,
			);
			defaultConfigurationIsVisible = 0;
			defaultConfigurationName = Release;
		};
/* End XCConfigurationList section */
	};
	rootObject = 7E813F6A1BD320DF00CF3D9D /* Project object */;
}
